
Microsoft Visual Studio Solution File, Format Version 12.00
# Visual Studio 15
VisualStudioVersion = 15.0.34031.82
MinimumVisualStudioVersion = 10.0.40219.1
Project("{9A19103F-16F7-4668-BE54-9A1E7A4F7556}") = "web_book_report_dot_net_core", "web_book_report_dot_net_core.csproj", "{8A247022-5CDA-49DF-AA29-39F3DC472D19}"
EndProject
Global
	GlobalSection(SolutionConfigurationPlatforms) = preSolution
		Debug|Any CPU = Debug|Any CPU
		Release|Any CPU = Release|Any CPU
	EndGlobalSection
	GlobalSection(ProjectConfigurationPlatforms) = postSolution
		{8A247022-5CDA-49DF-AA29-39F3DC472D19}.Debug|Any CPU.ActiveCfg = Debug|Any CPU
		{8A247022-5CDA-49DF-AA29-39F3DC472D19}.Debug|Any CPU.Build.0 = Debug|Any CPU
		{8A247022-5CDA-49DF-AA29-39F3DC472D19}.Release|Any CPU.ActiveCfg = Release|Any CPU
		{8A247022-5CDA-49DF-AA29-39F3DC472D19}.Release|Any CPU.Build.0 = Release|Any CPU
	EndGlobalSection
	GlobalSection(SolutionProperties) = preSolution
		HideSolutionNode = FALSE
	EndGlobalSection
	GlobalSection(ExtensibilityGlobals) = postSolution
		SolutionGuid = {BB9AB8FC-FC0F-46D7-8DEB-6148F3149F27}
	EndGlobalSection
EndGlobal
